
Microsoft Visual Studio Solution File, Format Version 12.00
# Visual Studio 14
VisualStudioVersion = 14.0.25420.1
MinimumVisualStudioVersion = 10.0.40219.1
Project("{FAE04EC0-301F-11D3-BF4B-00C04F79EFBC}") = "AnimeDB", "AnimeDB\AnimeDB.csproj", "{B1A845EB-9113-463B-BC22-6C37BADA5994}"
EndProject
Project("{FAE04EC0-301F-11D3-BF4B-00C04F79EFBC}") = "AnimeDB.Core", "Core\AnimeDB.Core.csproj", "{98F2E47C-ED65-4F0B-99D7-D136CD63ABA4}"
EndProject
Global
	GlobalSection(SolutionConfigurationPlatforms) = preSolution
		Debug|Any CPU = Debug|Any CPU
		Release|Any CPU = Release|Any CPU
	EndGlobalSection
	GlobalSection(ProjectConfigurationPlatforms) = postSolution
		{B1A845EB-9113-463B-BC22-6C37BADA5994}.Debug|Any CPU.ActiveCfg = Debug|Any CPU
		{B1A845EB-9113-463B-BC22-6C37BADA5994}.Debug|Any CPU.Build.0 = Debug|Any CPU
		{B1A845EB-9113-463B-BC22-6C37BADA5994}.Release|Any CPU.ActiveCfg = Release|Any CPU
		{B1A845EB-9113-463B-BC22-6C37BADA5994}.Release|Any CPU.Build.0 = Release|Any CPU
		{98F2E47C-ED65-4F0B-99D7-D136CD63ABA4}.Debug|Any CPU.ActiveCfg = Debug|Any CPU
		{98F2E47C-ED65-4F0B-99D7-D136CD63ABA4}.Debug|Any CPU.Build.0 = Debug|Any CPU
		{98F2E47C-ED65-4F0B-99D7-D136CD63ABA4}.Release|Any CPU.ActiveCfg = Release|Any CPU
		{98F2E47C-ED65-4F0B-99D7-D136CD63ABA4}.Release|Any CPU.Build.0 = Release|Any CPU
	EndGlobalSection
	GlobalSection(SolutionProperties) = preSolution
		HideSolutionNode = FALSE
	EndGlobalSection
EndGlobal
